
Microsoft Visual Studio Solution File, Format Version 10.00
# Visual Studio 2008
Project("{FAE04EC0-301F-11D3-BF4B-00C04F79EFBC}") = "shids_client", "shids_client\shids_client.csproj", "{967E4FD8-6862-4615-8C52-DA90FA2C6272}"
EndProject
Global
	GlobalSection(SolutionConfigurationPlatforms) = preSolution
		Debug|Any CPU = Debug|Any CPU
		Release|Any CPU = Release|Any CPU
	EndGlobalSection
	GlobalSection(ProjectConfigurationPlatforms) = postSolution
		{967E4FD8-6862-4615-8C52-DA90FA2C6272}.Debug|Any CPU.ActiveCfg = Debug|Any CPU
		{967E4FD8-6862-4615-8C52-DA90FA2C6272}.Debug|Any CPU.Build.0 = Debug|Any CPU
		{967E4FD8-6862-4615-8C52-DA90FA2C6272}.Release|Any CPU.ActiveCfg = Release|Any CPU
		{967E4FD8-6862-4615-8C52-DA90FA2C6272}.Release|Any CPU.Build.0 = Release|Any CPU
	EndGlobalSection
	GlobalSection(SolutionProperties) = preSolution
		HideSolutionNode = FALSE
	EndGlobalSection
EndGlobal
