Microsoft Visual Studio Solution File, Format Version 10.00
# Visual Studio 2008
Project("{8BC9CEB8-8B4A-11D0-8D11-00A0C91BC942}") = "DetectDotNet", "DetectDotNet.vcproj", "{080345A3-6DA5-4E44-8389-15FC097262F5}"
EndProject
Global
	GlobalSection(SolutionConfigurationPlatforms) = preSolution
		Debug|Win32 = Debug|Win32
		Release|Win32 = Release|Win32
	EndGlobalSection
	GlobalSection(ProjectConfigurationPlatforms) = postSolution
		{080345A3-6DA5-4E44-8389-15FC097262F5}.Debug|Win32.ActiveCfg = Debug|Win32
		{080345A3-6DA5-4E44-8389-15FC097262F5}.Debug|Win32.Build.0 = Debug|Win32
		{080345A3-6DA5-4E44-8389-15FC097262F5}.Release|Win32.ActiveCfg = Release|Win32
		{080345A3-6DA5-4E44-8389-15FC097262F5}.Release|Win32.Build.0 = Release|Win32
	EndGlobalSection
	GlobalSection(SolutionProperties) = preSolution
		HideSolutionNode = FALSE
	EndGlobalSection
EndGlobal
